lockfileVersion: '9.0'

settings:
  autoInstallPeers: true
  excludeLinksFromLockfile: false

importers:

  .:
    devDependencies:
      prettier:
        specifier: ^3.2.5
        version: 3.3.2
      turbo:
        specifier: latest
        version: 2.0.4

packages:

  prettier@3.3.2:
    resolution: {integrity: sha512-rAVeHYMcv8ATV5d508CFdn+8/pHPpXeIid1DdrPwXnaAdH7cqjVbpJaT5eq4yRAFU/lsbwYwSF/n5iNrdJHPQA==}
    engines: {node: '>=14'}
    hasBin: true

  turbo-darwin-64@2.0.4:
    resolution: {integrity: sha512-x9mvmh4wudBstML8Z8IOmokLWglIhSfhQwnh2gBCSqabgVBKYvzl8Y+i+UCNPxheCGTgtsPepTcIaKBIyFIcvw==}
    cpu: [x64]
    os: [darwin]

  turbo-darwin-arm64@2.0.4:
    resolution: {integrity: sha512-/B1Ih8zPRGVw5vw4SlclOf3C/woJ/2T6ieH6u54KT4wypoaVyaiyMqBcziIXycdObIYr7jQ+raHO7q3mhay9/A==}
    cpu: [arm64]
    os: [darwin]

  turbo-linux-64@2.0.4:
    resolution: {integrity: sha512-6aG670e5zOWu6RczEYcB81nEl8EhiGJEvWhUrnAfNEUIMBEH1pR5SsMmG2ol5/m3PgiRM12r13dSqTxCLcHrVg==}
    cpu: [x64]
    os: [linux]

  turbo-linux-arm64@2.0.4:
    resolution: {integrity: sha512-AXfVOjst+mCtPDFT4tCu08Qrfv12Nj7NDd33AjGwV79NYN1Y1rcFY59UQ4nO3ij3rbcvV71Xc+TZJ4csEvRCSg==}
    cpu: [arm64]
    os: [linux]

  turbo-windows-64@2.0.4:
    resolution: {integrity: sha512-QOnUR9hKl0T5gq5h1fAhVEqBSjpcBi/BbaO71YGQNgsr6pAnCQdbG8/r3MYXet53efM0KTdOhieWeO3KLNKybA==}
    cpu: [x64]
    os: [win32]

  turbo-windows-arm64@2.0.4:
    resolution: {integrity: sha512-3v8WpdZy1AxZw0gha0q3caZmm+0gveBQ40OspD6mxDBIS+oBtO5CkxhIXkFJJW+jDKmDlM7wXDIGfMEq+QyNCQ==}
    cpu: [arm64]
    os: [win32]

  turbo@2.0.4:
    resolution: {integrity: sha512-Ilme/2Q5kYw0AeRr+aw3s02+WrEYaY7U8vPnqSZU/jaDG/qd6jHVN6nRWyd/9KXvJGYM69vE6JImoGoyNjLwaw==}
    hasBin: true

snapshots:

  prettier@3.3.2: {}

  turbo-darwin-64@2.0.4:
    optional: true

  turbo-darwin-arm64@2.0.4:
    optional: true

  turbo-linux-64@2.0.4:
    optional: true

  turbo-linux-arm64@2.0.4:
    optional: true

  turbo-windows-64@2.0.4:
    optional: true

  turbo-windows-arm64@2.0.4:
    optional: true

  turbo@2.0.4:
    optionalDependencies:
      turbo-darwin-64: 2.0.4
      turbo-darwin-arm64: 2.0.4
      turbo-linux-64: 2.0.4
      turbo-linux-arm64: 2.0.4
      turbo-windows-64: 2.0.4
      turbo-windows-arm64: 2.0.4
